
Microsoft Visual Studio Solution File, Format Version 12.00
Project("{FAE04EC0-301F-11D3-BF4B-00C04F79EFBC}") = "BeatsShop", "BeatsShop\BeatsShop.csproj", "{4920ECFE-2E9C-401E-838B-8AEE7C722768}"
EndProject
Global
	GlobalSection(SolutionConfigurationPlatforms) = preSolution
		Debug|Any CPU = Debug|Any CPU
		Release|Any CPU = Release|Any CPU
	EndGlobalSection
	GlobalSection(ProjectConfigurationPlatforms) = postSolution
		{4920ECFE-2E9C-401E-838B-8AEE7C722768}.Debug|Any CPU.ActiveCfg = Debug|Any CPU
		{4920ECFE-2E9C-401E-838B-8AEE7C722768}.Debug|Any CPU.Build.0 = Debug|Any CPU
		{4920ECFE-2E9C-401E-838B-8AEE7C722768}.Release|Any CPU.ActiveCfg = Release|Any CPU
		{4920ECFE-2E9C-401E-838B-8AEE7C722768}.Release|Any CPU.Build.0 = Release|Any CPU
	EndGlobalSection
EndGlobal
